
Microsoft Visual Studio Solution File, Format Version 12.00
# Visual Studio Version 17
VisualStudioVersion = 17.14.37203.1 d17.14
MinimumVisualStudioVersion = 10.0.40219.1
Project("{FAE04EC0-301F-11D3-BF4B-00C04F79EFBC}") = "Dextor.API", "Dextor.API.csproj", "{C0DDBF8E-A19A-4CC3-BF5B-024B48FBF143}"
EndProject
Global
	GlobalSection(SolutionConfigurationPlatforms) = preSolution
		Debug|Any CPU = Debug|Any CPU
		Release|Any CPU = Release|Any CPU
	EndGlobalSection
	GlobalSection(ProjectConfigurationPlatforms) = postSolution
		{C0DDBF8E-A19A-4CC3-BF5B-024B48FBF143}.Debug|Any CPU.ActiveCfg = Debug|Any CPU
		{C0DDBF8E-A19A-4CC3-BF5B-024B48FBF143}.Debug|Any CPU.Build.0 = Debug|Any CPU
		{C0DDBF8E-A19A-4CC3-BF5B-024B48FBF143}.Release|Any CPU.ActiveCfg = Release|Any CPU
		{C0DDBF8E-A19A-4CC3-BF5B-024B48FBF143}.Release|Any CPU.Build.0 = Release|Any CPU
	EndGlobalSection
	GlobalSection(SolutionProperties) = preSolution
		HideSolutionNode = FALSE
	EndGlobalSection
	GlobalSection(ExtensibilityGlobals) = postSolution
		SolutionGuid = {F231061E-D6D2-4444-B064-745274A22CCE}
	EndGlobalSection
EndGlobal
